
Microsoft Visual Studio Solution File, Format Version 12.00
# Visual Studio Version 17
VisualStudioVersion = 17.9.34622.214
MinimumVisualStudioVersion = 10.0.40219.1
Project("{FAE04EC0-301F-11D3-BF4B-00C04F79EFBC}") = "Projeto Pim5", "Projeto Pim5\Projeto Pim5.csproj", "{67BA3C04-8F99-44C3-B41A-3D42C532B811}"
EndProject
Global
	GlobalSection(SolutionConfigurationPlatforms) = preSolution
		Debug|Any CPU = Debug|Any CPU
		Release|Any CPU = Release|Any CPU
	EndGlobalSection
	GlobalSection(ProjectConfigurationPlatforms) = postSolution
		{67BA3C04-8F99-44C3-B41A-3D42C532B811}.Debug|Any CPU.ActiveCfg = Debug|Any CPU
		{67BA3C04-8F99-44C3-B41A-3D42C532B811}.Debug|Any CPU.Build.0 = Debug|Any CPU
		{67BA3C04-8F99-44C3-B41A-3D42C532B811}.Release|Any CPU.ActiveCfg = Release|Any CPU
		{67BA3C04-8F99-44C3-B41A-3D42C532B811}.Release|Any CPU.Build.0 = Release|Any CPU
	EndGlobalSection
	GlobalSection(SolutionProperties) = preSolution
		HideSolutionNode = FALSE
	EndGlobalSection
	GlobalSection(ExtensibilityGlobals) = postSolution
		SolutionGuid = {E5822EF0-B3F5-48A6-A490-D8E83B3EC79B}
	EndGlobalSection
EndGlobal
